
Microsoft Visual Studio Solution File, Format Version 12.00
# Visual Studio Version 16
VisualStudioVersion = 16.0.31729.503
MinimumVisualStudioVersion = 10.0.40219.1
Project("{FAE04EC0-301F-11D3-BF4B-00C04F79EFBC}") = "Gambler", "Gambler\Gambler.csproj", "{10F209CE-DCB1-4347-8F1A-71168AAB4511}"
EndProject
Global
	GlobalSection(SolutionConfigurationPlatforms) = preSolution
		Debug|Any CPU = Debug|Any CPU
		Release|Any CPU = Release|Any CPU
	EndGlobalSection
	GlobalSection(ProjectConfigurationPlatforms) = postSolution
		{10F209CE-DCB1-4347-8F1A-71168AAB4511}.Debug|Any CPU.ActiveCfg = Debug|Any CPU
		{10F209CE-DCB1-4347-8F1A-71168AAB4511}.Debug|Any CPU.Build.0 = Debug|Any CPU
		{10F209CE-DCB1-4347-8F1A-71168AAB4511}.Release|Any CPU.ActiveCfg = Release|Any CPU
		{10F209CE-DCB1-4347-8F1A-71168AAB4511}.Release|Any CPU.Build.0 = Release|Any CPU
	EndGlobalSection
	GlobalSection(SolutionProperties) = preSolution
		HideSolutionNode = FALSE
	EndGlobalSection
	GlobalSection(ExtensibilityGlobals) = postSolution
		SolutionGuid = {893D0D70-CFFF-4E26-85EB-45632FAC6E1A}
	EndGlobalSection
EndGlobal
